schema: '2.0'
stages:
  prepare:
    cmd: python src/prepare.py
    deps:
    - path: src/prepare.py
      hash: md5
      md5: e5c262452342e22741f8f223be64e9ba
      size: 345
    outs:
    - path: data/raw
      hash: md5
      md5: ef4a9fac2897e2992768d71dd539610a.dir
      size: 30869925
      nfiles: 1
  preprocess:
    cmd: python src/preprocess.py
    deps:
    - path: data/raw
      hash: md5
      md5: ef4a9fac2897e2992768d71dd539610a.dir
      size: 30869925
      nfiles: 1
    - path: src/preprocess.py
      hash: md5
      md5: 9e1530e9386995e680a934697116c91b
      size: 716
    params:
      params.yaml:
        preprocess.seed: 42
        preprocess.test_size: 0.1
    outs:
    - path: data/processed
      hash: md5
      md5: f1870f5030b72154103787fa466acf43.dir
      size: 44928517
      nfiles: 1
  train:
    cmd: python src/train.py
    deps:
    - path: data/processed
      hash: md5
      md5: 9cbc9ce9af8e5f6f4eca307fde90af83.dir
      size: 45395143
      nfiles: 1
    - path: src/train.py
      hash: md5
      md5: 156e02e42af194d2f196db25615c9df0
      size: 963
    params:
      params.yaml:
        train.batch_size: 64
        train.dense_units: 256
        train.dropout_rate: 0.2
        train.epochs: 10
        train.learning_rate: 0.001
        train.seed: 42
    outs:
    - path: models/history.csv
      hash: md5
      md5: 9b528206eb2a9da023ce5c135709ed5e
      size: 813
    - path: models/model.h5
      hash: md5
      md5: a9d0c4ef1c5f674e9a019d959b887297
      size: 2466904
  evaluate:
    cmd: python src/evaluate.py
    deps:
    - path: data/processed
      hash: md5
      md5: 9cbc9ce9af8e5f6f4eca307fde90af83.dir
      size: 45395143
      nfiles: 1
    - path: models/model.h5
      hash: md5
      md5: a9d0c4ef1c5f674e9a019d959b887297
      size: 2466904
    - path: src/evaluate.py
      hash: md5
      md5: f87115a97300013e1aed08934e9d6c38
      size: 763
    outs:
    - path: metrics.json
      hash: md5
      md5: d9c890c6181e87deb41c8c6642122ccc
      size: 79
    - path: reports/confusion_matrix.png
      hash: md5
      md5: 8fa48ff61e4e933eb2ef74c873819235
      size: 45095
